
Microsoft Visual Studio Solution File, Format Version 12.00
# Visual Studio Version 16
VisualStudioVersion = 16.0.31911.196
MinimumVisualStudioVersion = 10.0.40219.1
Project("{FAE04EC0-301F-11D3-BF4B-00C04F79EFBC}") = "Ornek3", "Ornek3\Ornek3.csproj", "{EBBE6BEE-3BEB-4530-8721-D489F9980EA9}"
EndProject
Global
	GlobalSection(SolutionConfigurationPlatforms) = preSolution
		Debug|Any CPU = Debug|Any CPU
		Release|Any CPU = Release|Any CPU
	EndGlobalSection
	GlobalSection(ProjectConfigurationPlatforms) = postSolution
		{EBBE6BEE-3BEB-4530-8721-D489F9980EA9}.Debug|Any CPU.ActiveCfg = Debug|Any CPU
		{EBBE6BEE-3BEB-4530-8721-D489F9980EA9}.Debug|Any CPU.Build.0 = Debug|Any CPU
		{EBBE6BEE-3BEB-4530-8721-D489F9980EA9}.Release|Any CPU.ActiveCfg = Release|Any CPU
		{EBBE6BEE-3BEB-4530-8721-D489F9980EA9}.Release|Any CPU.Build.0 = Release|Any CPU
	EndGlobalSection
	GlobalSection(SolutionProperties) = preSolution
		HideSolutionNode = FALSE
	EndGlobalSection
	GlobalSection(ExtensibilityGlobals) = postSolution
		SolutionGuid = {E3D9D887-6123-4BA2-A68C-F6E5543FC84A}
	EndGlobalSection
EndGlobal
